
Microsoft Visual Studio Solution File, Format Version 12.00
# Visual Studio Version 17
VisualStudioVersion = 17.5.33516.290
MinimumVisualStudioVersion = 10.0.40219.1
Project("{FAE04EC0-301F-11D3-BF4B-00C04F79EFBC}") = "BookStoreCSharp", "BookStoreCSharp\BookStoreCSharp.csproj", "{B63C16EA-3D17-456E-A007-52E9C86A962E}"
EndProject
Global
	GlobalSection(SolutionConfigurationPlatforms) = preSolution
		Debug|Any CPU = Debug|Any CPU
		Release|Any CPU = Release|Any CPU
	EndGlobalSection
	GlobalSection(ProjectConfigurationPlatforms) = postSolution
		{B63C16EA-3D17-456E-A007-52E9C86A962E}.Debug|Any CPU.ActiveCfg = Debug|Any CPU
		{B63C16EA-3D17-456E-A007-52E9C86A962E}.Debug|Any CPU.Build.0 = Debug|Any CPU
		{B63C16EA-3D17-456E-A007-52E9C86A962E}.Release|Any CPU.ActiveCfg = Release|Any CPU
		{B63C16EA-3D17-456E-A007-52E9C86A962E}.Release|Any CPU.Build.0 = Release|Any CPU
	EndGlobalSection
	GlobalSection(SolutionProperties) = preSolution
		HideSolutionNode = FALSE
	EndGlobalSection
	GlobalSection(ExtensibilityGlobals) = postSolution
		SolutionGuid = {6922810E-692B-4644-BA66-F17799AEA032}
	EndGlobalSection
EndGlobal
